
Microsoft Visual Studio Solution File, Format Version 12.00
# Visual Studio Version 17
VisualStudioVersion = 17.5.002.0
MinimumVisualStudioVersion = 10.0.40219.1
Project("{9A19103F-16F7-4668-BE54-9A1E7A4F7556}") = "AlgoritimoDivisoresde5e9", "AlgoritimoDivisoresde5e9.csproj", "{A2880B6E-8C98-4B44-92B8-E815C3C1CCA1}"
EndProject
Global
	GlobalSection(SolutionConfigurationPlatforms) = preSolution
		Debug|Any CPU = Debug|Any CPU
		Release|Any CPU = Release|Any CPU
	EndGlobalSection
	GlobalSection(ProjectConfigurationPlatforms) = postSolution
		{A2880B6E-8C98-4B44-92B8-E815C3C1CCA1}.Debug|Any CPU.ActiveCfg = Debug|Any CPU
		{A2880B6E-8C98-4B44-92B8-E815C3C1CCA1}.Debug|Any CPU.Build.0 = Debug|Any CPU
		{A2880B6E-8C98-4B44-92B8-E815C3C1CCA1}.Release|Any CPU.ActiveCfg = Release|Any CPU
		{A2880B6E-8C98-4B44-92B8-E815C3C1CCA1}.Release|Any CPU.Build.0 = Release|Any CPU
	EndGlobalSection
	GlobalSection(SolutionProperties) = preSolution
		HideSolutionNode = FALSE
	EndGlobalSection
	GlobalSection(ExtensibilityGlobals) = postSolution
		SolutionGuid = {EF629ABD-B747-4E81-A118-497086FD28A5}
	EndGlobalSection
EndGlobal
