
Microsoft Visual Studio Solution File, Format Version 12.00
# Visual Studio Version 17
VisualStudioVersion = 17.5.002.0
MinimumVisualStudioVersion = 10.0.40219.1
Project("{9A19103F-16F7-4668-BE54-9A1E7A4F7556}") = "EntradaDeDados", "EntradaDeDados.csproj", "{95712463-322C-49C4-9229-7AB38E76B1D9}"
EndProject
Global
	GlobalSection(SolutionConfigurationPlatforms) = preSolution
		Debug|Any CPU = Debug|Any CPU
		Release|Any CPU = Release|Any CPU
	EndGlobalSection
	GlobalSection(ProjectConfigurationPlatforms) = postSolution
		{95712463-322C-49C4-9229-7AB38E76B1D9}.Debug|Any CPU.ActiveCfg = Debug|Any CPU
		{95712463-322C-49C4-9229-7AB38E76B1D9}.Debug|Any CPU.Build.0 = Debug|Any CPU
		{95712463-322C-49C4-9229-7AB38E76B1D9}.Release|Any CPU.ActiveCfg = Release|Any CPU
		{95712463-322C-49C4-9229-7AB38E76B1D9}.Release|Any CPU.Build.0 = Release|Any CPU
	EndGlobalSection
	GlobalSection(SolutionProperties) = preSolution
		HideSolutionNode = FALSE
	EndGlobalSection
	GlobalSection(ExtensibilityGlobals) = postSolution
		SolutionGuid = {D1C3D637-1CA3-402C-8166-8E58B097D3AA}
	EndGlobalSection
EndGlobal
